lockfileVersion: '6.0'

settings:
  autoInstallPeers: true
  excludeLinksFromLockfile: false

dependencies:
  '@types/node':
    specifier: ^20.10.4
    version: 20.10.4
  fflate:
    specifier: ^0.8.1
    version: 0.8.1
  luxon:
    specifier: ^3.4.4
    version: 3.4.4
  typescript:
    specifier: ^5.3.3
    version: 5.3.3

devDependencies:
  '@types/luxon':
    specifier: ^3.3.7
    version: 3.3.7

packages:

  /@types/luxon@3.3.7:
    resolution: {integrity: sha512-gKc9P2d4g5uYwmy4s/MO/yOVPmvHyvzka1YH6i5dM03UrFofHSmgc0D0ymbDRStFWHusk6cwwF6nhLm/ckBbbQ==}
    dev: true

  /@types/node@20.10.4:
    resolution: {integrity: sha512-D08YG6rr8X90YB56tSIuBaddy/UXAA9RKJoFvrsnogAum/0pmjkgi4+2nx96A330FmioegBWmEYQ+syqCFaveg==}
    dependencies:
      undici-types: 5.26.5
    dev: false

  /fflate@0.8.1:
    resolution: {integrity: sha512-/exOvEuc+/iaUm105QIiOt4LpBdMTWsXxqR0HDF35vx3fmaKzw7354gTilCh5rkzEt8WYyG//ku3h3nRmd7CHQ==}
    dev: false

  /luxon@3.4.4:
    resolution: {integrity: sha512-zobTr7akeGHnv7eBOXcRgMeCP6+uyYsczwmeRCauvpvaAltgNyTbLH/+VaEAPUeWBT+1GuNmz4wC/6jtQzbbVA==}
    engines: {node: '>=12'}
    dev: false

  /typescript@5.3.3:
    resolution: {integrity: sha512-pXWcraxM0uxAS+tN0AG/BF2TyqmHO014Z070UsJ+pFvYuRSq8KH8DmWpnbXe0pEPDHXZV3FcAbJkijJ5oNEnWw==}
    engines: {node: '>=14.17'}
    hasBin: true
    dev: false

  /undici-types@5.26.5:
    resolution: {integrity: sha512-JlCMO+ehdEIKqlFxk6IfVoAUVmgz7cU7zD/h9XZ0qzeosSHmUJVOzSQvvYSYWXkFXC+IfLKSIffhv0sVZup6pA==}
    dev: false
